
Microsoft Visual Studio Solution File, Format Version 12.00
# Visual Studio 15
VisualStudioVersion = 15.0.26730.16
MinimumVisualStudioVersion = 10.0.40219.1
Project("{9A19103F-16F7-4668-BE54-9A1E7A4F7556}") = "Biz.Morsink.DataConvert", "Biz.Morsink.DataConvert\Biz.Morsink.DataConvert.csproj", "{D958919B-F1F0-4A4D-A862-CCCC0AE75BD5}"
EndProject
Project("{2150E333-8FDC-42A3-9474-1A3956D46DE8}") = "Solution Items", "Solution Items", "{4A0C5E3C-C175-455F-93F4-067F627D6DB0}"
EndProject
Project("{9A19103F-16F7-4668-BE54-9A1E7A4F7556}") = "Biz.Morsink.DataConvert.Test", "Biz.Morsink.DataConvert.Test\Biz.Morsink.DataConvert.Test.csproj", "{37D19848-94B0-43DD-B4D5-C1C32AB38E8A}"
EndProject
Project("{9A19103F-16F7-4668-BE54-9A1E7A4F7556}") = "Biz.Morsink.DataConvert.PerformanceTest", "Biz.Morsink.DataConvert.PerformanceTest\Biz.Morsink.DataConvert.PerformanceTest.csproj", "{4A91FBA8-5C3A-4F46-9D17-3BB06616CEA3}"
EndProject
Global
	GlobalSection(SolutionConfigurationPlatforms) = preSolution
		Debug|Any CPU = Debug|Any CPU
		Prerelease|Any CPU = Prerelease|Any CPU
		Release|Any CPU = Release|Any CPU
	EndGlobalSection
	GlobalSection(ProjectConfigurationPlatforms) = postSolution
		{D958919B-F1F0-4A4D-A862-CCCC0AE75BD5}.Debug|Any CPU.ActiveCfg = Debug|Any CPU
		{D958919B-F1F0-4A4D-A862-CCCC0AE75BD5}.Debug|Any CPU.Build.0 = Debug|Any CPU
		{D958919B-F1F0-4A4D-A862-CCCC0AE75BD5}.Prerelease|Any CPU.ActiveCfg = Prerelease|Any CPU
		{D958919B-F1F0-4A4D-A862-CCCC0AE75BD5}.Prerelease|Any CPU.Build.0 = Prerelease|Any CPU
		{D958919B-F1F0-4A4D-A862-CCCC0AE75BD5}.Release|Any CPU.ActiveCfg = Release|Any CPU
		{D958919B-F1F0-4A4D-A862-CCCC0AE75BD5}.Release|Any CPU.Build.0 = Release|Any CPU
		{37D19848-94B0-43DD-B4D5-C1C32AB38E8A}.Debug|Any CPU.ActiveCfg = Debug|Any CPU
		{37D19848-94B0-43DD-B4D5-C1C32AB38E8A}.Debug|Any CPU.Build.0 = Debug|Any CPU
		{37D19848-94B0-43DD-B4D5-C1C32AB38E8A}.Prerelease|Any CPU.ActiveCfg = Prerelease|Any CPU
		{37D19848-94B0-43DD-B4D5-C1C32AB38E8A}.Prerelease|Any CPU.Build.0 = Prerelease|Any CPU
		{37D19848-94B0-43DD-B4D5-C1C32AB38E8A}.Release|Any CPU.ActiveCfg = Release|Any CPU
		{37D19848-94B0-43DD-B4D5-C1C32AB38E8A}.Release|Any CPU.Build.0 = Release|Any CPU
		{4A91FBA8-5C3A-4F46-9D17-3BB06616CEA3}.Debug|Any CPU.ActiveCfg = Debug|Any CPU
		{4A91FBA8-5C3A-4F46-9D17-3BB06616CEA3}.Debug|Any CPU.Build.0 = Debug|Any CPU
		{4A91FBA8-5C3A-4F46-9D17-3BB06616CEA3}.Prerelease|Any CPU.ActiveCfg = Prerelease|Any CPU
		{4A91FBA8-5C3A-4F46-9D17-3BB06616CEA3}.Prerelease|Any CPU.Build.0 = Prerelease|Any CPU
		{4A91FBA8-5C3A-4F46-9D17-3BB06616CEA3}.Release|Any CPU.ActiveCfg = Release|Any CPU
		{4A91FBA8-5C3A-4F46-9D17-3BB06616CEA3}.Release|Any CPU.Build.0 = Release|Any CPU
	EndGlobalSection
	GlobalSection(SolutionProperties) = preSolution
		HideSolutionNode = FALSE
	EndGlobalSection
	GlobalSection(ExtensibilityGlobals) = postSolution
		SolutionGuid = {646A6613-B2CB-4946-A91A-5EC04F92D9BA}
	EndGlobalSection
EndGlobal
